# THIS IS AN AUTOGENERATED FILE. DO NOT EDIT THIS FILE DIRECTLY.
# yarn lockfile v1


loops@^2.0.0:
  version "2.0.0"
  resolved "https://registry.yarnpkg.com/loops/-/loops-2.0.0.tgz#1bcaa7b1a4f74d2e52d7ec84fee1a9099725eb21"
  integrity sha512-9kgk4FgGZ8lDlX65AppVJH/Z63mWTjcBCmq8Dw064Q9EIPi6PaNY8XmBfKKBKO+DpcQB4Hnxz4w8g67XSUPUnA==
